ariga.io/atlas v0.36.2-0.20250730182955-2c6300d0a3e1 h1:NPPfBaVZgz4LKBCIc0FbMogCjvXN+yGf7CZwotOwJo8=
ariga.io/atlas v0.36.2-0.20250730182955-2c6300d0a3e1/go.mod h1:Ex5l1xHsnWQUc3wYnrJ9gD7RUEzG76P7ZRQp8wNr0wc=
buf.build/gen/go/bufbuild/protovalidate/protocolbuffers/go v1.36.12-20260825204119-511051f7f437.2 h1:NbnlmV26O7oZ1iM5tsCI+GEx+3ZSdrhvnKQ/eWSrLiY=
buf.build/gen/go/bufbuild/protovalidate/protocolbuffers/go v1.36.12-20260825204119-511051f7f437.2/go.mod h1:TCt1lluMFnctISJXvkIQ4x3ABrPuUKCWKyjKdkJNBpw=
buf.build/go/protovalidate v1.2.0 h1:DQVrUWkmGTBij+kOYv/x2LLxwcLaGKMdzShj1/6/3H0=
buf.build/go/protovalidate v1.2.0/go.mod h1:7rYiQEhqvAipoazpVNBBH2S2f8bjG4huMVy1V2Yofn4=
cel.dev/expr v0.25.2 h1:K6j46C81hXtZQfuX60cVWQFBJahKSE2gfRbNuvr5bFs=
cel.dev/expr v0.25.2/go.mod h1:hrXvqGP6G6gyx8UAHSHJ5RGk//1Oj5nXQ2NI02Nrsg4=
entgo.io/ent v0.14.6 h1:/f2696BpwuWAEEG6PVGWflg6+Inrpq4pRWuNlWz/Skk=
entgo.io/ent v0.14.6/go.mod h1:z46QBUdGC+BATwsedbDuREfSS0oSCV+csdEYlL4p73s=
filippo.io/edwards25519 v1.2.0 h1:crnVqOiS4jqYleHd9vaKZ+HKtHfllngJIiOpNpoJsjo=
filippo.io/edwards25519 v1.2.0/go.mod h1:xzAOLCNug/yB62zG1bQ8uziwrIqIuxhctzJT18Q77mc=
github.com/DATA-DOG/go-sqlmock v1.5.0 h1:Shsta01QNfFxHCfpW6YH2STWB0MudeXXEWMr20OEh60=
github.com/DATA-DOG/go-sqlmock v1.5.0/go.mod h1:f/Ixk793poVmq4qj/V1dPUg2JEAKC73Q5eFN3EC/SaM=
github.com/agext/levenshtein v1.2.3 h1:YB2fHEn0UJagG8T1rrWknE3ZQzWM06O8AMAatNn7lmo=
github.com/agext/levenshtein v1.2.3/go.mod h1:JEDfjyjHDjOF/1e4FlBE/PkbqA9OfWu2ki2W0IB5558=
github.com/antlr4-go/antlr/v4 v4.13.1 h1:SqQKkuVZ+zWkMMNkjy5FZe5mr5WURWnlpmOuzYWrPrQ=
github.com/antlr4-go/antlr/v4 v4.13.1/go.mod h1:GKmUxMtwp6ZgGwZSva4eWPC5mS6vUAmOABFgjdkM7Nw=
github.com/apparentlymart/go-textseg/v15 v15.0.0 h1:uYvfpb3DyLSCGWnctWKGj857c6ew1u1fNQOlOtuGxQY=
github.com/apparentlymart/go-textseg/v15 v15.0.0/go.mod h1:K8XmNZdhEBkdlyDdvbmmsvpAG721bKi0joRfFdHIWJ4=
github.com/beorn7/perks v1.0.1 h1:VlbKKnNfV8bJzeqoa4cOKqO6bYr3WgKZxO8Z16+hsOM=
github.com/beorn7/perks v1.0.1/go.mod h1:G2ZrVWU2WbWT9wwq4/hrbKbnv/1ERSJQ0ibhJ6rlkpw=
github.com/bmatcuk/doublestar v1.3.4 h1:gPypJ5xD31uhX6Tf54sDPUOBXTqKH4c9aPY66CyQrS0=
github.com/bmatcuk/doublestar v1.3.4/go.mod h1:wiQtGV+rzVYxB7WIlirSN++5HPtPlXEo9MEoZQC/PmE=
github.com/bmatcuk/doublestar/v4 v4.6.1 h1:FH9SifrbvJhnlQpztAx++wlkk70QBf0iBWDwNy7PA4I=
github.com/bmatcuk/doublestar/v4 v4.6.1/go.mod h1:xBQ8jztBU6kakFMg+8WGxn0c6z1fTSPVIjEY1Wr7jzc=
github.com/brianvoe/gofakeit/v6 v6.28.0 h1:Xib46XXuQfmlLS2EXRuJpqcw8St6qSZz75OUo0tgAW4=
github.com/brianvoe/gofakeit/v6 v6.28.0/go.mod h1:Xj58BMSnFqcn/fAQeSK+/PLtC5kSb7FJIq4JyGa8vEs=
github.com/casbin/casbin/v2 v2.135.0 h1:6BLkMQiGotYyS5yYeWgW19vxqugUlvHFkFiLnLR/bxk=
github.com/casbin/casbin/v2 v2.135.0/go.mod h1:FmcfntdXLTcYXv/hxgNntcRPqAbwOG9xsism0yXT+18=
github.com/casbin/govaluate v1.3.0 h1:VA0eSY0M2lA86dYd5kPPuNZMUD9QkWnOCnavGrw9myc=
github.com/casbin/govaluate v1.3.0/go.mod h1:G/UnbIjZk/0uMNaLwZZmFQrR72tYRZWQkO70si/iR7A=
github.com/cenkalti/backoff/v5 v5.0.3 h1:ZN+IMa753KfX5hd8vVaMixjnqRZ3y8CuJKRKj1xcsSM=
github.com/cenkalti/backoff/v5 v5.0.3/go.mod h1:rkhZdG3JZukswDf7f0cwqPNk4K0sa+F97BxZthm/crw=
github.com/cespare/xxhash/v2 v2.3.0 h1:UL815xU9SqsFlibzuggzjXhog7bL6oX9BbNZnL2UFvs=
github.com/cespare/xxhash/v2 v2.3.0/go.mod h1:VGX0DQ3Q6kWi7AoAeZDth3/j3BFtOZR5XLFGgcrjCOs=
github.com/coreos/go-oidc/v3 v3.21.0 h1:wZo4Q9Pum8dYEj0eMUPrqR+kvuGkeUplbLpNCkBqoWM=
github.com/coreos/go-oidc/v3 v3.21.0/go.mod h1:DYCf24+ncYi+XkIH97GY1+dqoRlbaSI26KVTCI9SrY4=
github.com/davecgh/go-spew v1.1.0/go.mod h1:J7Y8YcW2NihsgmVo/mv3lAwl/skON4iLHjSsI+c5H38=
github.com/davecgh/go-spew v1.1.1 h1:vj9j/u1bqnvCEfJOwUhtlOARqs3+rkHYY13jYWTU97c=
github.com/davecgh/go-spew v1.1.1/go.mod h1:J7Y8YcW2NihsgmVo/mv3lAwl/skON4iLHjSsI+c5H38=
github.com/dustin/go-humanize v1.0.1 h1:GzkhY7T5VNhEkwH0PVJgjz+fX1rhBrR7pRT3mDkpeCY=
github.com/dustin/go-humanize v1.0.1/go.mod h1:Mu1zIs6XwVuF/gI1OepvI0qD18qycQx+mFykh5fBlto=
github.com/envoyproxy/protoc-gen-validate v1.3.3 h1:MVQghNeW+LZcmXe7SY1V36Z+WFMDjpqGAGacLe2T0ds=
github.com/envoyproxy/protoc-gen-validate v1.3.3/go.mod h1:TsndJ/ngyIdQRhMcVVGDDHINPLWB7C82oDArY51KfB0=
github.com/fergusstrange/embedded-postgres v1.34.0 h1:c6RKhPKFsLVU+Tdxsx8q0UxCHsvZZ/iShAnljRBXs6s=
github.com/fergusstrange/embedded-postgres v1.34.0/go.mod h1:w0YvnCgf19o6tskInrOOACtnqfVlOvluz3hlNLY7tRk=
github.com/fsnotify/fsnotify v1.10.1 h1:b0/UzAf9yR5rhf3RPm9gf3ehBPpf0oZKIjtpKrx59Ho=
github.com/fsnotify/fsnotify v1.10.1/go.mod h1:TLheqan6HD6GBK6PrDWyDPBaEV8LspOxvPSjC+bVfgo=
github.com/go-jose/go-jose/v4 v4.1.5 h1:RjgjO2LOtWOJKUC5wpwY9LR3B3vwVAz6JS2YHfYU6eA=
github.com/go-jose/go-jose/v4 v4.1.5/go.mod h1:x4oUasVrzR7071A4TnHLGSPpNOm2a21K9Kf04k1rs08=
github.com/go-kratos/kratos/contrib/middleware/validate/v3 v3.0.0-20260626125723-668db92c2c00 h1:W3Qr8DnLzYUyBsohVVgYlGUUwU1+yuhRYkPWuFgXq2A=
github.com/go-kratos/kratos/contrib/middleware/validate/v3 v3.0.0-20260626125723-668db92c2c00/go.mod h1:94bNDjRbQtA+KtxKSI2GWO7XgaDl74usVWu2n5Nx6Qw=
github.com/go-kratos/kratos/contrib/otel/v3 v3.0.0-20260626125723-668db92c2c00 h1:n3ibYXmSD/XR5CksdtI74dD5aBLoWzRMdZVSu4G47xg=
github.com/go-kratos/kratos/contrib/otel/v3 v3.0.0-20260626125723-668db92c2c00/go.mod h1:hT2QNZ/0DPOvRqVqxoBBL/aMCOHhbbWh92mF87DBiCU=
github.com/go-kratos/kratos/v3 v3.0.0 h1:dCXqKoeo2Bo9jgC72YfuwJ3g7bPCkHeVeNGyZQ51bLE=
github.com/go-kratos/kratos/v3 v3.0.0/go.mod h1:8l+0M5UPlm/5hWLvS+wzxHRVRv6sHMG6Lgb4+rw1KIs=
github.com/go-logr/logr v1.2.2/go.mod h1:jdQByPbusPIv2/zmleS9BjJVeZ6kBagPoEUsqbVz/1A=
github.com/go-logr/logr v1.4.4 h1:tG4xh9yMsRCAiodLVTxyrkzSZ9+o0L1Kg/+cPVcbP/8=
github.com/go-logr/logr v1.4.4/go.mod h1:9T104GzyrTigFIr8wt5mBrctHMim0Nb2HLGrmQ40KvY=
github.com/go-logr/stdr v1.2.2 h1:hSWxHoqTgW2S2qGc0LTAI563KZ5YKYRhT3MFKZMbjag=
github.com/go-logr/stdr v1.2.2/go.mod h1:mMo/vtBO5dYbehREoey6XUKy/eSumjCCveDpRre4VKE=
github.com/go-openapi/inflect v0.19.0 h1:9jCH9scKIbHeV9m12SmPilScz6krDxKRasNNSNPXu/4=
github.com/go-openapi/inflect v0.19.0/go.mod h1:lHpZVlpIQqLyKwJ4N+YSc9hchQy/i12fJykb83CRBH4=
github.com/go-playground/assert/v2 v2.2.0 h1:JvknZsQTYeFEAhQwI4qEt9cyV5ONwRHC+lYKSsYSR8s=
github.com/go-playground/assert/v2 v2.2.0/go.mod h1:VDjEfimB/XKnb+ZQfWdccd7VUvScMdVu0Titje2rxJ4=
github.com/go-playground/form/v4 v4.3.0 h1:OVttojbQv2WNCs4P+VnjPtrt/+30Ipw4890W3OaFlvk=
github.com/go-playground/form/v4 v4.3.0/go.mod h1:Cpe1iYJKoXb1vILRXEwxpWMGWyQuqplQ/4cvPecy+Jo=
github.com/go-sql-driver/mysql v1.10.0 h1:Q+1LV8DkHJvSYAdR83XzuhDaTykuDx0l6fkXxoWCWfw=
github.com/go-sql-driver/mysql v1.10.0/go.mod h1:M+cqaI7+xxXGG9swrdeUIoPG3Y3KCkF0pZej+SK+nWk=
github.com/go-test/deep v1.0.3 h1:ZrJSEWsXzPOxaZnFteGEfooLba+ju3FYIbOrS+rQd68=
github.com/go-test/deep v1.0.3/go.mod h1:wGDj63lr65AM2AQyKZd/NYHGb0R+1RLqB8NKt3aSFNA=
github.com/golang/mock v1.4.4 h1:l75CXGRSwbaYNpl/Z2X1XIIAMSCquvXgpVZDhwEIJsc=
github.com/golang/mock v1.4.4/go.mod h1:l3mdAwkq5BuhzHwde/uurv3sEJeZMXNpwsxVWU71h+4=
github.com/golang/protobuf v1.5.4 h1:i7eJL8qZTpSEXOPTxNKhASYpMn+8e5Q6AdndVa1dWek=
github.com/golang/protobuf v1.5.4/go.mod h1:lnTiLA8Wa4RWRcIUkrtSVa5nRhsEGBg48fD6rSs7xps=
github.com/google/cel-go v0.28.1 h1:YWIwi77J4xIsYUwAF/iIuS6haffzIHS8yWI8glSbLWM=
github.com/google/cel-go v0.28.1/go.mod h1:X0bD6iVNR8pkROSOoHVdgTkzmRcosof7WQqCD6wcMc8=
github.com/google/go-cmp v0.7.0 h1:wk8382ETsv4JYUZwIsn6YpYiWiBsYLSJiTsyBybVuN8=
github.com/google/go-cmp v0.7.0/go.mod h1:pXiqmnSA92OHEEa9HXL2W4E7lf9JzCmGVUdgjX3N/iU=
github.com/google/uuid v1.6.0 h1:NIvaJDMOsjHA8n1jAhLSgzrAzy1Hgr+hNrb57e+94F0=
github.com/google/uuid v1.6.0/go.mod h1:TIyPZe4MgqvfeYDBFedMoGGpEw/LqOeaOT+nhxU+yHo=
github.com/gorilla/mux v1.8.1 h1:TuBL49tXwgrFYWhqrNgrUNEY92u81SPhu7sTdzQEiWY=
github.com/gorilla/mux v1.8.1/go.mod h1:AKf9I4AEqPTmMytcMc0KkNouC66V3BtZ4qD5fmWSiMQ=
github.com/gorilla/websocket v1.5.3 h1:saDtZ6Pbx/0u+bgYQ3q96pZgCzfhKXGPqt7kZ72aNNg=
github.com/gorilla/websocket v1.5.3/go.mod h1:YR8l580nyteQvAITg2hZ9XVh4b55+EU/adAjf1fMHhE=
github.com/grpc-ecosystem/grpc-gateway/v2 v2.30.0 h1:/Tnpcb2E0Pz/tN9s3bfEY2Q8ePCEX9iuS+cneUwncnw=
github.com/grpc-ecosystem/grpc-gateway/v2 v2.30.0/go.mod h1:zOBXOsUaBSjKgmH4OGzV1esUpR3oUSCPYVd2cUBjKYY=
github.com/hashicorp/hcl/v2 v2.18.1 h1:6nxnOJFku1EuSawSD81fuviYUV8DxFr3fp2dUi3ZYSo=
github.com/hashicorp/hcl/v2 v2.18.1/go.mod h1:ThLC89FV4p9MPW804KVbe/cEXoQ8NZEh+JtMeeGErHE=
github.com/jackc/pgpassfile v1.0.0 h1:/6Hmqy13Ss2zCq62VdNG8tM1wchn8zjSGOBJ6icpsIM=
github.com/jackc/pgpassfile v1.0.0/go.mod h1:CEx0iS5ambNFdcRtxPj5JhEz+xB6uRky5eyVu/W2HEg=
github.com/jackc/pgservicefile v0.0.0-20240606120523-5a60cdf6a761 h1:iCEnooe7UlwOQYpKFhBabPMi4aNAfoODPEFNiAnClxo=
github.com/jackc/pgservicefile v0.0.0-20240606120523-5a60cdf6a761/go.mod h1:5TJZWKEWniPve33vlWYSoGYefn3gLQRzjfDlhSJ9ZKM=
github.com/jackc/pgx/v5 v5.11.0 h1:IzBBtyK9AHqf98cctWFifYSci2hgQR/cd56wB4p+ogg=
github.com/jackc/pgx/v5 v5.11.0/go.mod h1:mal1tBGAFfLHvZzaYh77YS/eC6IX9OWbRV1QIIM0Jn4=
github.com/jackc/puddle/v2 v2.2.2 h1:PR8nw+E/1w0GLuRFSmiioY6UooMp6KJv0/61nB7icHo=
github.com/jackc/puddle/v2 v2.2.2/go.mod h1:vriiEXHvEE654aYKXXjOvZM39qJ0q+azkZFrfEOc3H4=
github.com/klauspost/compress v1.19.2 h1:hMRETovs/pu/dVWN7zIT1PGG8t509MwT6bO7XSi26R8=
github.com/klauspost/compress v1.19.2/go.mod h1:cwPg85FWrGar70rWktvGQj8/hthj3wpl0PGDogxkrSQ=
github.com/kr/pretty v0.3.1 h1:flRD4NNwYAUpkphVc1HcthR4KEIFJ65n8Mw5qdRn3LE=
github.com/kr/pretty v0.3.1/go.mod h1:hoEshYVHaxMs3cyo3Yncou5ZscifuDolrwPKZanG3xk=
github.com/kr/text v0.2.0 h1:5Nx0Ya0ZqY2ygV366QzturHI13Jq95ApcVaJBhpS+AY=
github.com/kr/text v0.2.0/go.mod h1:eLer722TekiGuMkidMxC/pM04lWEeraHUUmBw8l2grE=
github.com/kylelemons/godebug v1.1.0 h1:RPNrshWIDI6G2gRW9EHilWtl7Z6Sb1BR0xunSBf0SNc=
github.com/kylelemons/godebug v1.1.0/go.mod h1:9/0rRGxNHcop5bhtWyNeEfOS8JIWk580+fNqagV/RAw=
github.com/lib/pq v1.10.9 h1:YXG7RB+JIjhP29X+OtkiDnYaXQwpS4JEWq7dtCCRUEw=
github.com/lib/pq v1.10.9/go.mod h1:AlVN5x4E4T544tWzH6hKfbfQvm3HdbOxrmggDNAPY9o=
github.com/mattn/go-isatty v0.0.24 h1:tGZZoVgT/KiqK1c8ocVLeDS8BSWMRd47J3Lbz7vsReI=
github.com/mattn/go-isatty v0.0.24/go.mod h1:nMCL3Zebbrt45jsMDgnfIwz6ydEQApk5oEI3HqDio6A=
github.com/mattn/go-sqlite3 v1.14.28 h1:ThEiQrnbtumT+QMknw63Befp/ce/nUPgBPMlRFEum7A=
github.com/mattn/go-sqlite3 v1.14.28/go.mod h1:Uh1q+B4BYcTPb+yiD3kU8Ct7aC0hY9fxUwlHK0RXw+Y=
github.com/mfridman/interpolate v0.0.2 h1:pnuTK7MQIxxFz1Gr+rjSIx9u7qVjf5VOoM/u6BbAxPY=
github.com/mfridman/interpolate v0.0.2/go.mod h1:p+7uk6oE07mpE/Ik1b8EckO0O4ZXiGAfshKBWLUM9Xg=
github.com/mitchellh/go-wordwrap v1.0.1 h1:TLuKupo69TCn6TQSyGxwI1EblZZEsQ0vMlAFQflz0v0=
github.com/mitchellh/go-wordwrap v1.0.1/go.mod h1:R62XHJLzvMFRBbcrT7m7WgmE1eOyTSsCt+hzestvNj0=
github.com/munnerz/goautoneg v0.0.0-20191010083416-a7dc8b61c822 h1:C3w9PqII01/Oq1c1nUAm88MOHcQC9l5mIlSMApZMrHA=
github.com/munnerz/goautoneg v0.0.0-20191010083416-a7dc8b61c822/go.mod h1:+n7T8mK8HuQTcFwEeznm/DIxMOiR9yIdICNftLE1DvQ=
github.com/ncruces/go-strftime v1.0.0 h1:HMFp8mLCTPp341M/ZnA4qaf7ZlsbTc+miZjCLOFAw7w=
github.com/ncruces/go-strftime v1.0.0/go.mod h1:Fwc5htZGVVkseilnfgOVb9mKy6w1naJmn9CehxcKcls=
github.com/pmezard/go-difflib v1.0.0/go.mod h1:iKH77koFhYxTK1pcRnkKkqfTogsbg7gZNVY4sRDYZ/4=
github.com/pressly/goose/v3 v3.28.0 h1:D2M+iL31GmpZxSHOhX8mqyqAT3CXnokUmm0eKoSP+Vc=
github.com/pressly/goose/v3 v3.28.0/go.mod h1:v26MOuB8bL3kzzrt3Vqhb3R0PRVsl8hFQKdrht/L6Rk=
github.com/prometheus/client_golang v1.24.1 h1:JnJkREXzWxUdCuPFpIWZiPispT9xVV59uiuyR2bPlnU=
github.com/prometheus/client_golang v1.24.1/go.mod h1:F+oSRECHg4sse5ucfYpYDeIv/hu68Zo0uoHKetWnzcE=
github.com/prometheus/client_model v0.6.2 h1:oBsgwpGs7iVziMvrGhE53c/GrLUsZdHnqNwqPLxwZyk=
github.com/prometheus/client_model v0.6.2/go.mod h1:y3m2F6Gdpfy6Ut/GBsUqTWZqCUvMVzSfMLjcu6wAwpE=
github.com/prometheus/common v0.70.1 h1:1HvjP4D5oL3t8RsPlwxA9onvvStjtIHYE5XuuwOi/PY=
github.com/prometheus/common v0.70.1/go.mod h1:VdFUQDMZK3VLkurFUVhia6uys/0suUp86TJz5qbJRhc=
github.com/prometheus/otlptranslator v1.0.0 h1:s0LJW/iN9dkIH+EnhiD3BlkkP5QVIUVEoIwkU+A6qos=
github.com/prometheus/otlptranslator v1.0.0/go.mod h1:vRYWnXvI6aWGpsdY/mOT/cbeVRBlPWtBNDb7kGR3uKM=
github.com/prometheus/procfs v0.22.0 h1:6q9+/JL9IKAPbCmBrv9n5O5Ty3NKnciV5X7YGw0oics=
github.com/prometheus/procfs v0.22.0/go.mod h1:CvmFr/GVhIjIvWJZW3tgkODBQMRIf0EyWMQLHCHab58=
github.com/remyoudompheng/bigfft v0.0.0-20230129092748-24d4a6f8daec h1:W09IVJc94icq4NjY3clb7Lk8O1qJ8BdBEF8z0ibU0rE=
github.com/remyoudompheng/bigfft v0.0.0-20230129092748-24d4a6f8daec/go.mod h1:qqbHyh8v60DhA7CoWK5oRCqLrMHRGoxYCSS9EjAz6Eo=
github.com/rodaine/protogofakeit v0.1.1 h1:ZKouljuRM3A+TArppfBqnH8tGZHOwM/pjvtXe9DaXH8=
github.com/rodaine/protogofakeit v0.1.1/go.mod h1:pXn/AstBYMaSfc1/RqH3N82pBuxtWgejz1AlYpY1mI0=
github.com/rogpeppe/go-internal v1.14.1 h1:UQB4HGPB6osV0SQTLymcB4TgvyWu6ZyliaW0tI/otEQ=
github.com/rogpeppe/go-internal v1.14.1/go.mod h1:MaRKkUm5W0goXpeCfT7UZI6fk/L7L7so1lCWt35ZSgc=
github.com/sergi/go-diff v1.3.1 h1:xkr+Oxo4BOQKmkn/B9eMK0g5Kg/983T9DqqPHwYqD+8=
github.com/sergi/go-diff v1.3.1/go.mod h1:aMJSSKb2lpPvRNec0+w3fl7LP9IOFzdc9Pa4NFbPK1I=
github.com/sethvargo/go-retry v0.4.0 h1:9qy1OoIAxBL+gBYnkTnTnWle5wlfsXQlwRzIbbpdqPw=
github.com/sethvargo/go-retry v0.4.0/go.mod h1:tvsjdKG6xfiCx4LSiUZ06kcv38xvdVQwv8R6/VnnVWg=
github.com/stretchr/objx v0.1.0/go.mod h1:HFkY916IF+rwdDfMAkV7OtwuqBVzrE8GR6GFx+wExME=
github.com/stretchr/testify v1.3.0/go.mod h1:M5WIy9Dh21IEIfnGCwXGc5bZfKNJtfHm1UVUgZn+9EI=
github.com/stretchr/testify v1.7.0/go.mod h1:6Fq8oRcR53rry900zMqJjRRixrwX3KX962/h/Wwjteg=
github.com/stretchr/testify v1.12.1 h1:EuwCh5fleGS7H32xRwO3wRGT7DxrDhLAT6FF8MpWDWE=
github.com/stretchr/testify v1.12.1/go.mod h1:MDEgiDPPsNp5cuIrHPPCyornHKgEVbtFUmoNlxoYthg=
github.com/xi2/xz v0.0.0-20171230120015-48954b6210f8 h1:nIPpBwaJSVYIxUFsDv3M8ofmx9yWTog9BfvIu0q41lo=
github.com/xi2/xz v0.0.0-20171230120015-48954b6210f8/go.mod h1:HUYIGzjTL3rfEspMxjDjgmT5uz5wzYJKVo23qUhYTos=
github.com/zclconf/go-cty v1.14.4 h1:uXXczd9QDGsgu0i/QFR/hzI5NYCHLf6NQw/atrbnhq8=
github.com/zclconf/go-cty v1.14.4/go.mod h1:VvMs5i0vgZdhYawQNq5kePSpLAoz8u1xvZgrPIxfnZE=
github.com/zclconf/go-cty-yaml v1.1.0 h1:nP+jp0qPHv2IhUVqmQSzjvqAWcObN0KBkUl2rWBdig0=
github.com/zclconf/go-cty-yaml v1.1.0/go.mod h1:9YLUH4g7lOhVWqUbctnVlZ5KLpg7JAprQNgxSZ1Gyxs=
go.opentelemetry.io/auto/sdk v1.2.1 h1:jXsnJ4Lmnqd11kwkBV2LgLoFMZKizbCi5fNZ/ipaZ64=
go.opentelemetry.io/auto/sdk v1.2.1/go.mod h1:KRTj+aOaElaLi+wW1kO/DZRXwkF4C5xPbEe3ZiIhN7Y=
go.opentelemetry.io/otel v1.46.0 h1:FHt5/CDyVxi/8IM1CH7VE/rRgq3kLHa2mSTVMO8AWyc=
go.opentelemetry.io/otel v1.46.0/go.mod h1:Gj3SEScelsNC45tp4nSxRYlS+f5iez7W8XPMCt905kE=
go.opentelemetry.io/otel/exporters/otlp/otlptrace v1.46.0 h1:OFnwLJr+pF3iHrlGSzbxyuo6/6HyBlnlN1CWEJmBVcw=
go.opentelemetry.io/otel/exporters/otlp/otlptrace v1.46.0/go.mod h1:716wFneO0ov19A2beH5hjfh9AK5z/VWNAtDijp1Y0/g=
go.opentelemetry.io/otel/exporters/otlp/otlptrace/otlptracegrpc v1.46.0 h1:w53CDeOA/Kurp7yRsegSr6pbbr759dOvJ+yNmWM6Hxs=
go.opentelemetry.io/otel/exporters/otlp/otlptrace/otlptracegrpc v1.46.0/go.mod h1:BOmGMCbAtvcJiSJ+hLuhgPLdDbimnraSl8irz3iY8sY=
go.opentelemetry.io/otel/exporters/prometheus v0.68.0 h1:QOf2IftqQwITVRJpnn0M7M9ZCbgWfxz4P7i9C9yc2N4=
go.opentelemetry.io/otel/exporters/prometheus v0.68.0/go.mod h1:bgSvqu2TWGXiz7yr5UTMfObH8oqxJWHTnubQ3ef9BO4=
go.opentelemetry.io/otel/metric v1.46.0 h1:yBnkXvgV7AXFILZc5K6IZe/CBFF3OS7BJ8ov6/lj0K8=
go.opentelemetry.io/otel/metric v1.46.0/go.mod h1:iPmdWqifKUdzziPkvvzIJXITl56fQx2mGM/DHLB3/2o=
go.opentelemetry.io/otel/metric/x v0.68.0 h1:TA/cBT23D3MnxYPwHL7YFOdYGdx0A0v+s7Mzotpd1dU=
go.opentelemetry.io/otel/metric/x v0.68.0/go.mod h1:agudOmvWhwUTjgibWDzxD2PoWYnpw5Ht5jISYOD2Hd4=
go.opentelemetry.io/otel/sdk v1.46.0 h1:h5CNQQjEbuQXY/JfZtgt3i7HVFV3aHPO2OAwO2eTYPI=
go.opentelemetry.io/otel/sdk v1.46.0/go.mod h1:GAERFXFt5SYCEB+YiKUbMBeza6UaDH7GmGOZEfh2gSM=
go.opentelemetry.io/otel/sdk/metric v1.46.0 h1:0piZ26EG4RBfebb2jhDH6ERCYHoVWduc3kLgPCwSnSE=
go.opentelemetry.io/otel/sdk/metric v1.46.0/go.mod h1:I1PbKrdVc8Qu8HYVDNtqVIwLwjNrhsV/uFuxfwg8mO4=
go.opentelemetry.io/otel/trace v1.46.0 h1:OULy7ccdJnZtJ0UDYFOIGaCmiWzJ8Vi2G/Rsu60qs1c=
go.opentelemetry.io/otel/trace v1.46.0/go.mod h1:J7GAXweO77XSFkB/rmAqk9D6ihszhFjLU+d9WuUxDLI=
go.opentelemetry.io/proto/otlp v1.11.0 h1:5rrYs0Ykyj50sdU/JU0x8etU+LubXWb+gED6TbEdMIk=
go.opentelemetry.io/proto/otlp v1.11.0/go.mod h1:SmVizdCOAm3XBtG1g1NnOdhW6jtddT72hLMhv8VwA8E=
go.uber.org/goleak v1.3.0 h1:2K3zAYmnTNqV73imy9J1T3WC+gmCePx2hEGkimedGto=
go.uber.org/goleak v1.3.0/go.mod h1:CoHD4mav9JJNrW/WLlf7HGZPjdw8EucARQHekz1X6bE=
go.uber.org/multierr v1.11.0 h1:blXXJkSxSSfBVBlC76pxqeO+LN3aDfLQo+309xJstO0=
go.uber.org/multierr v1.11.0/go.mod h1:20+QtiLqy0Nd6FdQB9TLXag12DsQkrbs3htMFfDN80Y=
go.yaml.in/yaml/v2 v2.4.4 h1:tuyd0P+2Ont/d6e2rl3be67goVK4R6deVxCUX5vyPaQ=
go.yaml.in/yaml/v2 v2.4.4/go.mod h1:gMZqIpDtDqOfM0uNfy0SkpRhvUryYH0Z6wdMYcacYXQ=
go.yaml.in/yaml/v3 v3.0.5 h1:N6y/pJk8buWs9NY5ERU2HSMfm+IuD/OtfdAnq6kESPw=
go.yaml.in/yaml/v3 v3.0.5/go.mod h1:HVTZu1O7/Vkt2N+BFy8Zza+lnLsABggaTM2ZpNIGuKg=
golang.org/x/crypto v0.0.0-20190308221718-c2843e01d9a2/go.mod h1:djNgcEr1/C05ACkg1iLfiJU5Ep61QUkGW8qpdssI0+w=
golang.org/x/exp v0.0.0-20260824195058-e88cd73687aa h1:QSyA8ishJCyT21kER9KwNt0b7BM3iRK4x9QXhjN5Fdk=
golang.org/x/exp v0.0.0-20260824195058-e88cd73687aa/go.mod h1:zeBbvyFKDaLwa7CH/zI8KXt7gTl14SF7sO08Pl5jBCM=
golang.org/x/mod v0.39.0 h1:UF5zwQdCRRUpHfyPwr7d4UrGiVeldIsogtzWVnczL74=
golang.org/x/mod v0.39.0/go.mod h1:bvIbwjQ0HUFFf5AKukeeYQG4ZBUG9yxQbR9aEweIwYY=
golang.org/x/net v0.0.0-20190311183353-d8887717615a/go.mod h1:t9HGtf8HONx5eT2rtn7q6eTqICYqUVnKs3thJo3Qplg=
golang.org/x/net v0.58.0 h1:ynWG7rqYi4ccpTEuPZ2QGWHktVEM9DMCj9yzDE0Q7To=
golang.org/x/net v0.58.0/go.mod h1:YwCddHnFlT7eLQqVprV19OnhLGtc5xOKgE0RyqgfWAU=
golang.org/x/oauth2 v0.36.0 h1:peZ/1z27fi9hUOFCAZaHyrpWG5lwe0RJEEEeH0ThlIs=
golang.org/x/oauth2 v0.36.0/go.mod h1:YDBUJMTkDnJS+A4BP4eZBjCqtokkg1hODuPjwiGPO7Q=
golang.org/x/sync v0.0.0-20190423024810-112230192c58/go.mod h1:RxMgew5VJxzue5/jJTE5uejpjVlOe/izrB70Jof72aM=
golang.org/x/sync v0.22.0 h1:SZjpbeLmrCk4xhRSZFNZW5gFUeCeFgjekvI/+gfScek=
golang.org/x/sync v0.22.0/go.mod h1:9xrNwdLfx4jkKbNva9FpL6vEN7evnE43NNNJQ2LF3+0=
golang.org/x/sys v0.0.0-20190215142949-d0b11bdaac8a/go.mod h1:STP8DvDyc/dI5b8T5hshtkjS+E42TnysNCUPdjciGhY=
golang.org/x/sys v0.47.0 h1:o7XGOvZQCADBQQ4Y7VNq2dRWQR7JmOUW8Kxx4ZsNgWs=
golang.org/x/sys v0.47.0/go.mod h1:4GL1E5IUh+htKOUEOaiffhrAeqysfVGipDYzABqnCmw=
golang.org/x/text v0.3.0/go.mod h1:NqM8EUOU14njkJ3fqMW+pc6Ldnwhi/IjpwHt7yyuwOQ=
golang.org/x/text v0.41.0 h1:vz/seA0lnX87Othu2f/0L24RcgrXD9/YFTSuGjj3rH8=
golang.org/x/text v0.41.0/go.mod h1:jvf1O8ajNzZqhSrQBPbutR/EB83Cc0CFrezNQIwbb5M=
golang.org/x/tools v0.0.0-20190425150028-36563e24a262/go.mod h1:RgjU9mgBXZiqYHBnxXauZ1Gv1EHHAz9KjViQ78xBX0Q=
gonum.org/v1/gonum v0.17.0 h1:VbpOemQlsSMrYmn7T2OUvQ4dqxQXU+ouZFQsZOx50z4=
gonum.org/v1/gonum v0.17.0/go.mod h1:El3tOrEuMpv2UdMrbNlKEh9vd86bmQ6vqIcDwxEOc1E=
google.golang.org/genproto/googleapis/api v0.0.0-20260904194346-d0f1323225a4 h1:NCe/UiklGd/9xjT+ROBVhJ1kf6TRQaFedsR+z7u1gvo=
google.golang.org/genproto/googleapis/api v0.0.0-20260904194346-d0f1323225a4/go.mod h1:fJ2lYaWjqNknJyQBOCd0fA3HnEElJqGplH71a2txi+g=
google.golang.org/genproto/googleapis/rpc v0.0.0-20260831171406-18b4a7587f8a h1:3Dnd1cDaZlB68lziofO+bJXpjOy8UfRv8Unt+yH8tQ4=
google.golang.org/genproto/googleapis/rpc v0.0.0-20260831171406-18b4a7587f8a/go.mod h1:DjtHYE8FKJLivXcBEjGwndXfIC23G0VpXiXKqG179uA=
google.golang.org/grpc v1.83.2 h1:EManeRomTObA0BU7I8vXgg/78uE5MJ9M8B39EX2WscU=
google.golang.org/grpc v1.83.2/go.mod h1:YPI1hK3kDked6iHvgX3tR0y+nX/qpMFKhPgFsokw1S8=
google.golang.org/protobuf v1.36.12 h1:pJOKDDOyeXErUroCihFAd5LQuwXBSpVnKGrj5o/fwxc=
google.golang.org/protobuf v1.36.12/go.mod h1:HTf+CrKn2C3g5S8VImy6tdcUvCska2kB7j23XfzDpco=
gopkg.in/check.v1 v0.0.0-20161208181325-20d25e280405/go.mod h1:Co6ibVJAznAaIkqp8huTwlJQCZ016jof/cbN4VW5Yz0=
gopkg.in/check.v1 v1.0.0-20201130134442-10cb98267c6c h1:Hei/4ADfdWqJk1ZMxUNpqntNwaWcugrBjAiHlqqRiVk=
gopkg.in/check.v1 v1.0.0-20201130134442-10cb98267c6c/go.mod h1:JHkPIbrfpd72SG/EVd6muEfDQjcINNoR0C8j2r3qZ4Q=
gopkg.in/yaml.v3 v3.0.0-20200313102051-9f266ea9e77c/go.mod h1:K4uyk7z7BCEPqu6E+C64Yfv1cQ7kz7rIZviUmN+EgEM=
gopkg.in/yaml.v3 v3.0.1 h1:fxVm/GzAzEWqLHuvctI91KS9hhNmmWOoWu0XTYJS7CA=
gopkg.in/yaml.v3 v3.0.1/go.mod h1:K4uyk7z7BCEPqu6E+C64Yfv1cQ7kz7rIZviUmN+EgEM=
modernc.org/libc v1.75.6 h1:yKk8qo+Di4gkmvRboK8ocCqH22FiUCR6jRy2OwtCRus=
modernc.org/libc v1.75.6/go.mod h1:bO5o2ztHxBb2rjz0PgdHN0sSMw57CgxGFLZ3Qd/QpVQ=
modernc.org/mathutil v1.7.1 h1:GCZVGXdaN8gTqB1Mf/usp1Y/hSqgI2vAGGP4jZMCxOU=
modernc.org/mathutil v1.7.1/go.mod h1:4p5IwJITfppl0G4sUEDtCr4DthTaT47/N3aT6MhfgJg=
modernc.org/memory v1.12.1 h1:nFMiWrpStgZczNl6XI9GnIk/rWhYIyHGUaR04pGbp9g=
modernc.org/memory v1.12.1/go.mod h1:/JP4VbVC+K5sU2wZi9bHoq2MAkCnrt2r98UGeSK7Mjw=
modernc.org/sqlite v1.57.0 h1:qNQP6xnx5M0ISNtlnxoOX0+cD5bJ0/gr9aMmndFczzg=
modernc.org/sqlite v1.57.0/go.mod h1:yCJ2cmAaIkHQ25oXWrF8H4O1lIfPYPR26yCEDj2P3pQ=
